
Microsoft Visual Studio Solution File, Format Version 12.00
# Visual Studio Version 17
VisualStudioVersion = 17.10.35004.147
MinimumVisualStudioVersion = 10.0.40219.1
Project("{FAE04EC0-301F-11D3-BF4B-00C04F79EFBC}") = "Linq01", "Linq01\Linq01.csproj", "{6103783A-7D9A-40F9-8BE9-84AFF372C8B0}"
EndProject
Global
	GlobalSection(SolutionConfigurationPlatforms) = preSolution
		Debug|Any CPU = Debug|Any CPU
		Release|Any CPU = Release|Any CPU
	EndGlobalSection
	GlobalSection(ProjectConfigurationPlatforms) = postSolution
		{6103783A-7D9A-40F9-8BE9-84AFF372C8B0}.Debug|Any CPU.ActiveCfg = Debug|Any CPU
		{6103783A-7D9A-40F9-8BE9-84AFF372C8B0}.Debug|Any CPU.Build.0 = Debug|Any CPU
		{6103783A-7D9A-40F9-8BE9-84AFF372C8B0}.Release|Any CPU.ActiveCfg = Release|Any CPU
		{6103783A-7D9A-40F9-8BE9-84AFF372C8B0}.Release|Any CPU.Build.0 = Release|Any CPU
	EndGlobalSection
	GlobalSection(SolutionProperties) = preSolution
		HideSolutionNode = FALSE
	EndGlobalSection
	GlobalSection(ExtensibilityGlobals) = postSolution
		SolutionGuid = {8109824A-8333-420E-B5EA-698BAB3C84F0}
	EndGlobalSection
EndGlobal
